github.com/tim-riep/go-xslt v0.0.1 h1:iMDlAa5egqRHkbaR+p5CxBas93iE2shJ8qwN7Qg5J+M=
github.com/tim-riep/go-xslt v0.0.1/go.mod h1:rSo6bBiGlcLiQCguoW2iUBEIZ9IdBOBLrj9mecEQd2k=
github.com/tim-riep/go-xslt v0.0.2 h1:up1nNqQqYVdyrhqtCsxkpLmKZk/rII+oTM7GgTSI6Xw=
github.com/tim-riep/go-xslt v0.0.2/go.mod h1:rSo6bBiGlcLiQCguoW2iUBEIZ9IdBOBLrj9mecEQd2k=
golang.org/x/text v0.38.0 h1:sXmwo9DwP3OK9EZ7PqAdaooSGozfl/3a6/xJcbzPRhE=
golang.org/x/text v0.38.0/go.mod h1:YXZt3QhHUKYT53r2lLKFIVi6Ao1jdzrTR/KQ09qyxF4=
